
Microsoft Visual Studio Solution File, Format Version 12.00
# Visual Studio Version 17
VisualStudioVersion = 17.8.34330.188
MinimumVisualStudioVersion = 10.0.40219.1
Project("{2150E333-8FDC-42A3-9474-1A3956D46DE8}") = "src", "src", "{D70E4901-4BA1-4918-951D-A558078D08A0}"
EndProject
Project("{2150E333-8FDC-42A3-9474-1A3956D46DE8}") = "test", "test", "{CB4AE05B-FD37-40E0-A868-F98EB6026076}"
EndProject
Project("{2150E333-8FDC-42A3-9474-1A3956D46DE8}") = "check", "check", "{8FF22735-7D49-46EB-BC41-103C234093B8}"
EndProject
Project("{9A19103F-16F7-4668-BE54-9A1E7A4F7556}") = "ManualTest.ConsoleApp", "check\ManualTest.ConsoleApp\ManualTest.ConsoleApp.csproj", "{518C7090-18CA-477A-A753-D849E79D0785}"
EndProject
Project("{2150E333-8FDC-42A3-9474-1A3956D46DE8}") = "Easy", "Easy", "{95D4DC99-FBFC-404D-8A55-57A051F09658}"
EndProject
Project("{2150E333-8FDC-42A3-9474-1A3956D46DE8}") = "Easy", "Easy", "{36722AF9-E013-4041-A253-FE3B38BC9405}"
EndProject
Project("{2150E333-8FDC-42A3-9474-1A3956D46DE8}") = "Medium", "Medium", "{1299E1EB-6C0C-404E-9447-5C33F74690A8}"
EndProject
Project("{9A19103F-16F7-4668-BE54-9A1E7A4F7556}") = "EasyFundamentalTest", "test\Easy\EasyFundamentalTest\EasyFundamentalTest.csproj", "{BD92EDAA-A15C-4D8E-8AFE-A7B152123006}"
EndProject
Project("{9A19103F-16F7-4668-BE54-9A1E7A4F7556}") = "EasyIntermediateTest", "test\Easy\EasyIntermediateTest\EasyIntermediateTest.csproj", "{319D37CB-8A7D-4E56-9A55-1BD41D714698}"
EndProject
Project("{2150E333-8FDC-42A3-9474-1A3956D46DE8}") = "Medium", "Medium", "{0648F243-212D-41A1-9607-E0AAFB8960C5}"
EndProject
Project("{9A19103F-16F7-4668-BE54-9A1E7A4F7556}") = "MediumFundamentalTest", "test\Medium\MediumFundamentalTest\MediumFundamentalTest.csproj", "{C7B605AF-ABBB-49E9-BB38-4F1378007E0D}"
EndProject
Project("{9A19103F-16F7-4668-BE54-9A1E7A4F7556}") = "MediumFundamental", "src\Medium\MediumFundamental\MediumFundamental.csproj", "{6FB5042E-3A8E-4F42-94B6-FC56C3954F28}"
EndProject
Project("{FAE04EC0-301F-11D3-BF4B-00C04F79EFBC}") = "EasyIntermediate", "src\Easy\EasyIntermediate\EasyIntermediate.csproj", "{7E1AA093-1B83-41B3-80E3-4276CDB2BE12}"
EndProject
Project("{FAE04EC0-301F-11D3-BF4B-00C04F79EFBC}") = "EasyFundamental", "src\Easy\EasyFundamental\EasyFundamental.csproj", "{8F661726-52AD-4FAF-BEDD-8B959D04282F}"
EndProject
Global
	GlobalSection(SolutionConfigurationPlatforms) = preSolution
		Debug|Any CPU = Debug|Any CPU
		Release|Any CPU = Release|Any CPU
	EndGlobalSection
	GlobalSection(ProjectConfigurationPlatforms) = postSolution
		{518C7090-18CA-477A-A753-D849E79D0785}.Debug|Any CPU.ActiveCfg = Debug|Any CPU
		{518C7090-18CA-477A-A753-D849E79D0785}.Debug|Any CPU.Build.0 = Debug|Any CPU
		{518C7090-18CA-477A-A753-D849E79D0785}.Release|Any CPU.ActiveCfg = Release|Any CPU
		{518C7090-18CA-477A-A753-D849E79D0785}.Release|Any CPU.Build.0 = Release|Any CPU
		{BD92EDAA-A15C-4D8E-8AFE-A7B152123006}.Debug|Any CPU.ActiveCfg = Debug|Any CPU
		{BD92EDAA-A15C-4D8E-8AFE-A7B152123006}.Debug|Any CPU.Build.0 = Debug|Any CPU
		{BD92EDAA-A15C-4D8E-8AFE-A7B152123006}.Release|Any CPU.ActiveCfg = Release|Any CPU
		{BD92EDAA-A15C-4D8E-8AFE-A7B152123006}.Release|Any CPU.Build.0 = Release|Any CPU
		{319D37CB-8A7D-4E56-9A55-1BD41D714698}.Debug|Any CPU.ActiveCfg = Debug|Any CPU
		{319D37CB-8A7D-4E56-9A55-1BD41D714698}.Debug|Any CPU.Build.0 = Debug|Any CPU
		{319D37CB-8A7D-4E56-9A55-1BD41D714698}.Release|Any CPU.ActiveCfg = Release|Any CPU
		{319D37CB-8A7D-4E56-9A55-1BD41D714698}.Release|Any CPU.Build.0 = Release|Any CPU
		{C7B605AF-ABBB-49E9-BB38-4F1378007E0D}.Debug|Any CPU.ActiveCfg = Debug|Any CPU
		{C7B605AF-ABBB-49E9-BB38-4F1378007E0D}.Debug|Any CPU.Build.0 = Debug|Any CPU
		{C7B605AF-ABBB-49E9-BB38-4F1378007E0D}.Release|Any CPU.ActiveCfg = Release|Any CPU
		{C7B605AF-ABBB-49E9-BB38-4F1378007E0D}.Release|Any CPU.Build.0 = Release|Any CPU
		{6FB5042E-3A8E-4F42-94B6-FC56C3954F28}.Debug|Any CPU.ActiveCfg = Debug|Any CPU
		{6FB5042E-3A8E-4F42-94B6-FC56C3954F28}.Debug|Any CPU.Build.0 = Debug|Any CPU
		{6FB5042E-3A8E-4F42-94B6-FC56C3954F28}.Release|Any CPU.ActiveCfg = Release|Any CPU
		{6FB5042E-3A8E-4F42-94B6-FC56C3954F28}.Release|Any CPU.Build.0 = Release|Any CPU
		{7E1AA093-1B83-41B3-80E3-4276CDB2BE12}.Debug|Any CPU.ActiveCfg = Debug|Any CPU
		{7E1AA093-1B83-41B3-80E3-4276CDB2BE12}.Debug|Any CPU.Build.0 = Debug|Any CPU
		{7E1AA093-1B83-41B3-80E3-4276CDB2BE12}.Release|Any CPU.ActiveCfg = Release|Any CPU
		{7E1AA093-1B83-41B3-80E3-4276CDB2BE12}.Release|Any CPU.Build.0 = Release|Any CPU
		{8F661726-52AD-4FAF-BEDD-8B959D04282F}.Debug|Any CPU.ActiveCfg = Debug|Any CPU
		{8F661726-52AD-4FAF-BEDD-8B959D04282F}.Debug|Any CPU.Build.0 = Debug|Any CPU
		{8F661726-52AD-4FAF-BEDD-8B959D04282F}.Release|Any CPU.ActiveCfg = Release|Any CPU
		{8F661726-52AD-4FAF-BEDD-8B959D04282F}.Release|Any CPU.Build.0 = Release|Any CPU
	EndGlobalSection
	GlobalSection(SolutionProperties) = preSolution
		HideSolutionNode = FALSE
	EndGlobalSection
	GlobalSection(NestedProjects) = preSolution
		{518C7090-18CA-477A-A753-D849E79D0785} = {8FF22735-7D49-46EB-BC41-103C234093B8}
		{95D4DC99-FBFC-404D-8A55-57A051F09658} = {D70E4901-4BA1-4918-951D-A558078D08A0}
		{36722AF9-E013-4041-A253-FE3B38BC9405} = {CB4AE05B-FD37-40E0-A868-F98EB6026076}
		{1299E1EB-6C0C-404E-9447-5C33F74690A8} = {D70E4901-4BA1-4918-951D-A558078D08A0}
		{BD92EDAA-A15C-4D8E-8AFE-A7B152123006} = {36722AF9-E013-4041-A253-FE3B38BC9405}
		{319D37CB-8A7D-4E56-9A55-1BD41D714698} = {36722AF9-E013-4041-A253-FE3B38BC9405}
		{0648F243-212D-41A1-9607-E0AAFB8960C5} = {CB4AE05B-FD37-40E0-A868-F98EB6026076}
		{C7B605AF-ABBB-49E9-BB38-4F1378007E0D} = {0648F243-212D-41A1-9607-E0AAFB8960C5}
		{6FB5042E-3A8E-4F42-94B6-FC56C3954F28} = {1299E1EB-6C0C-404E-9447-5C33F74690A8}
		{7E1AA093-1B83-41B3-80E3-4276CDB2BE12} = {95D4DC99-FBFC-404D-8A55-57A051F09658}
		{8F661726-52AD-4FAF-BEDD-8B959D04282F} = {95D4DC99-FBFC-404D-8A55-57A051F09658}
	EndGlobalSection
	GlobalSection(ExtensibilityGlobals) = postSolution
		SolutionGuid = {A13F742E-1DD2-4827-B3AA-0B8718C76EEF}
	EndGlobalSection
EndGlobal
