
Microsoft Visual Studio Solution File, Format Version 12.00
# Visual Studio Version 17
VisualStudioVersion = 17.8.34330.188
MinimumVisualStudioVersion = 10.0.40219.1
Project("{2150E333-8FDC-42A3-9474-1A3956D46DE8}") = "src", "src", "{D70E4901-4BA1-4918-951D-A558078D08A0}"
EndProject
Project("{2150E333-8FDC-42A3-9474-1A3956D46DE8}") = "Fundamentals", "Fundamentals", "{ED2B60D6-06DA-4DF5-958B-2DE615D47D53}"
EndProject
Project("{2150E333-8FDC-42A3-9474-1A3956D46DE8}") = "test", "test", "{CB4AE05B-FD37-40E0-A868-F98EB6026076}"
EndProject
Project("{2150E333-8FDC-42A3-9474-1A3956D46DE8}") = "Fundamentals", "Fundamentals", "{9126E228-0A2A-4DF1-8AF7-827C9602D0B2}"
EndProject
Project("{FAE04EC0-301F-11D3-BF4B-00C04F79EFBC}") = "FundamentalEasy.Test", "test\Fundamentals\FundamentalEasy.Test\FundamentalEasy.Test.csproj", "{41951DD0-A2E6-4766-BD50-655CDA0D4EE3}"
EndProject
Project("{FAE04EC0-301F-11D3-BF4B-00C04F79EFBC}") = "Easy", "src\Fundamentals\Easy\Easy.csproj", "{81A9F919-65B0-4BA0-B94C-99562BFCE4D7}"
EndProject
Global
	GlobalSection(SolutionConfigurationPlatforms) = preSolution
		Debug|Any CPU = Debug|Any CPU
		Release|Any CPU = Release|Any CPU
	EndGlobalSection
	GlobalSection(ProjectConfigurationPlatforms) = postSolution
		{41951DD0-A2E6-4766-BD50-655CDA0D4EE3}.Debug|Any CPU.ActiveCfg = Debug|Any CPU
		{41951DD0-A2E6-4766-BD50-655CDA0D4EE3}.Debug|Any CPU.Build.0 = Debug|Any CPU
		{41951DD0-A2E6-4766-BD50-655CDA0D4EE3}.Release|Any CPU.ActiveCfg = Release|Any CPU
		{41951DD0-A2E6-4766-BD50-655CDA0D4EE3}.Release|Any CPU.Build.0 = Release|Any CPU
		{81A9F919-65B0-4BA0-B94C-99562BFCE4D7}.Debug|Any CPU.ActiveCfg = Debug|Any CPU
		{81A9F919-65B0-4BA0-B94C-99562BFCE4D7}.Debug|Any CPU.Build.0 = Debug|Any CPU
		{81A9F919-65B0-4BA0-B94C-99562BFCE4D7}.Release|Any CPU.ActiveCfg = Release|Any CPU
		{81A9F919-65B0-4BA0-B94C-99562BFCE4D7}.Release|Any CPU.Build.0 = Release|Any CPU
	EndGlobalSection
	GlobalSection(SolutionProperties) = preSolution
		HideSolutionNode = FALSE
	EndGlobalSection
	GlobalSection(NestedProjects) = preSolution
		{ED2B60D6-06DA-4DF5-958B-2DE615D47D53} = {D70E4901-4BA1-4918-951D-A558078D08A0}
		{9126E228-0A2A-4DF1-8AF7-827C9602D0B2} = {CB4AE05B-FD37-40E0-A868-F98EB6026076}
		{41951DD0-A2E6-4766-BD50-655CDA0D4EE3} = {9126E228-0A2A-4DF1-8AF7-827C9602D0B2}
		{81A9F919-65B0-4BA0-B94C-99562BFCE4D7} = {ED2B60D6-06DA-4DF5-958B-2DE615D47D53}
	EndGlobalSection
	GlobalSection(ExtensibilityGlobals) = postSolution
		SolutionGuid = {A13F742E-1DD2-4827-B3AA-0B8718C76EEF}
	EndGlobalSection
EndGlobal
